speakeasyVersion: 1.551.0
sources:
    Logto API references:
        sourceNamespace: logto-api-references
        sourceRevisionDigest: sha256:cbb9383e7fa52ce8c48a7e9db11d405529a7e7b69a5f177b52d24618d9b4312a
        sourceBlobDigest: sha256:8233a4403e6487c006d1855a45264bdd16e4129ad0236938a1cb97453bb59ecc
        tags:
            - latest
            - Cloud
targets:
    logto:
        source: Logto API references
        sourceNamespace: logto-api-references
        sourceRevisionDigest: sha256:cbb9383e7fa52ce8c48a7e9db11d405529a7e7b69a5f177b52d24618d9b4312a
        sourceBlobDigest: sha256:8233a4403e6487c006d1855a45264bdd16e4129ad0236938a1cb97453bb59ecc
        codeSamplesNamespace: logto-api-references-go-code-samples
        codeSamplesRevisionDigest: sha256:5f74154faa18a1d016d6168a93b68a2f17cc34e7a7b48449b0688fe4be63b40c
workflow:
    workflowVersion: 1.0.0
    speakeasyVersion: latest
    sources:
        Logto API references:
            inputs:
                - location: ./swagger.json
            registry:
                location: registry.speakeasyapi.dev/bizapp/rentavita/logto-api-references
    targets:
        logto:
            target: go
            source: Logto API references
            codeSamples:
                registry:
                    location: registry.speakeasyapi.dev/bizapp/rentavita/logto-api-references-go-code-samples
                labelOverride:
                    fixedValue: Go (SDK)
                blocking: false
