speakeasyVersion: 1.551.0
sources:
    Logto API references:
        sourceNamespace: logto-api-references
        sourceRevisionDigest: sha256:f00b791333b2cf5b63e098ed41a99f40dbaeb2884b65d46991c252657fd0df61
        sourceBlobDigest: sha256:52344b6e2803e5f67653f6f7cac352199ee1b27e75b9ba07853aff5c935dc545
        tags:
            - latest
            - speakeasy-sdk-regen-1748075299
            - Cloud
targets:
    logto:
        source: Logto API references
        sourceNamespace: logto-api-references
        sourceRevisionDigest: sha256:f00b791333b2cf5b63e098ed41a99f40dbaeb2884b65d46991c252657fd0df61
        sourceBlobDigest: sha256:52344b6e2803e5f67653f6f7cac352199ee1b27e75b9ba07853aff5c935dc545
        codeSamplesNamespace: logto-api-references-go-code-samples
        codeSamplesRevisionDigest: sha256:8a3585246a2dfaf044e40737eabeda165964495a1a0fc711d69336808530a19d
workflow:
    workflowVersion: 1.0.0
    speakeasyVersion: latest
    sources:
        Logto API references:
            inputs:
                - location: https://logto.rentavita.com/api/swagger.json
            registry:
                location: registry.speakeasyapi.dev/bizapp/rentavita/logto-api-references
    targets:
        logto:
            target: go
            source: Logto API references
            codeSamples:
                registry:
                    location: registry.speakeasyapi.dev/bizapp/rentavita/logto-api-references-go-code-samples
                labelOverride:
                    fixedValue: Go (SDK)
                blocking: false
